
Microsoft Visual Studio Solution File, Format Version 12.00
# Visual Studio Version 17
VisualStudioVersion = 17.0.31903.59
MinimumVisualStudioVersion = 10.0.40219.1
Project("{2150E333-8FDC-42A3-9474-1A3956D46DE8}") = "src", "src", "{B0539165-5BB2-44F9-828F-28C717330BB3}"
EndProject
Project("{FAE04EC0-301F-11D3-BF4B-00C04F79EFBC}") = "BookPromoTracker", "src\BookPromoTracker.csproj", "{7F0ACFEE-0ABA-4B91-994A-EA9C685CDF52}"
EndProject
Global
	GlobalSection(SolutionConfigurationPlatforms) = preSolution
		Debug|Any CPU = Debug|Any CPU
		Release|Any CPU = Release|Any CPU
	EndGlobalSection
	GlobalSection(SolutionProperties) = preSolution
		HideSolutionNode = FALSE
	EndGlobalSection
	GlobalSection(ProjectConfigurationPlatforms) = postSolution
		{7F0ACFEE-0ABA-4B91-994A-EA9C685CDF52}.Debug|Any CPU.ActiveCfg = Debug|Any CPU
		{7F0ACFEE-0ABA-4B91-994A-EA9C685CDF52}.Debug|Any CPU.Build.0 = Debug|Any CPU
		{7F0ACFEE-0ABA-4B91-994A-EA9C685CDF52}.Release|Any CPU.ActiveCfg = Release|Any CPU
		{7F0ACFEE-0ABA-4B91-994A-EA9C685CDF52}.Release|Any CPU.Build.0 = Release|Any CPU
	EndGlobalSection
	GlobalSection(NestedProjects) = preSolution
		{7F0ACFEE-0ABA-4B91-994A-EA9C685CDF52} = {B0539165-5BB2-44F9-828F-28C717330BB3}
	EndGlobalSection
EndGlobal
